{
  "name": "assets",
  "lockfileVersion": 2,
  "requires": true,
  "packages": {
    "": {
      "dependencies": {
        "@alpinejs/focus": "^3.9.0",
        "alpinejs": "^3.9.0"
      }
    },
    "node_modules/@alpinejs/focus": {
      "version": "3.9.0",
      "resolved": "https://registry.npmjs.org/@alpinejs/focus/-/focus-3.9.0.tgz",
      "integrity": "sha512-eb8Ptf3lIAjQKFouJZMPaYwyXSqbdFVHROyhwgz07HNoV+l77HyAd9tzt2vjHtFcgWpAvZORA+yIzr6W1i9yiA==",
      "dependencies": {
        "focus-trap": "^6.6.1"
      }
    },
    "node_modules/@vue/reactivity": {
      "version": "3.1.5",
      "resolved": "https://registry.npmjs.org/@vue/reactivity/-/reactivity-3.1.5.tgz",
      "integrity": "sha512-1tdfLmNjWG6t/CsPldh+foumYFo3cpyCHgBYQ34ylaMsJ+SNHQ1kApMIa8jN+i593zQuaw3AdWH0nJTARzCFhg==",
      "dependencies": {
        "@vue/shared": "3.1.5"
      }
    },
    "node_modules/@vue/shared": {
      "version": "3.1.5",
      "resolved": "https://registry.npmjs.org/@vue/shared/-/shared-3.1.5.tgz",
      "integrity": "sha512-oJ4F3TnvpXaQwZJNF3ZK+kLPHKarDmJjJ6jyzVNDKH9md1dptjC7lWR//jrGuLdek/U6iltWxqAnYOu8gCiOvA=="
    },
    "node_modules/alpinejs": {
      "version": "3.9.0",
      "resolved": "https://registry.npmjs.org/alpinejs/-/alpinejs-3.9.0.tgz",
      "integrity": "sha512-Dy8YOCR/BZ6WxKrfml/NCSX/JPBY8wKMqWmlyIbaneE98V9y8ZjSzv+g7VrXCkiDob1t8gf+lVNmH/tX0jfuYg==",
      "dependencies": {
        "@vue/reactivity": "~3.1.1"
      }
    },
    "node_modules/focus-trap": {
      "version": "6.7.3",
      "resolved": "https://registry.npmjs.org/focus-trap/-/focus-trap-6.7.3.tgz",
      "integrity": "sha512-8xCEKndV4KrseGhFKKKmczVA14yx1/hnmFICPOjcFjToxCJYj/NHH43tPc3YE/PLnLRNZoFug0EcWkGQde/miQ==",
      "dependencies": {
        "tabbable": "^5.2.1"
      }
    },
    "node_modules/tabbable": {
      "version": "5.2.1",
      "resolved": "https://registry.npmjs.org/tabbable/-/tabbable-5.2.1.tgz",
      "integrity": "sha512-40pEZ2mhjaZzK0BnI+QGNjJO8UYx9pP5v7BGe17SORTO0OEuuaAwQTkAp8whcZvqon44wKFOikD+Al11K3JICQ=="
    }
  },
  "dependencies": {
    "@alpinejs/focus": {
      "version": "3.9.0",
      "resolved": "https://registry.npmjs.org/@alpinejs/focus/-/focus-3.9.0.tgz",
      "integrity": "sha512-eb8Ptf3lIAjQKFouJZMPaYwyXSqbdFVHROyhwgz07HNoV+l77HyAd9tzt2vjHtFcgWpAvZORA+yIzr6W1i9yiA==",
      "requires": {
        "focus-trap": "^6.6.1"
      }
    },
    "@vue/reactivity": {
      "version": "3.1.5",
      "resolved": "https://registry.npmjs.org/@vue/reactivity/-/reactivity-3.1.5.tgz",
      "integrity": "sha512-1tdfLmNjWG6t/CsPldh+foumYFo3cpyCHgBYQ34ylaMsJ+SNHQ1kApMIa8jN+i593zQuaw3AdWH0nJTARzCFhg==",
      "requires": {
        "@vue/shared": "3.1.5"
      }
    },
    "@vue/shared": {
      "version": "3.1.5",
      "resolved": "https://registry.npmjs.org/@vue/shared/-/shared-3.1.5.tgz",
      "integrity": "sha512-oJ4F3TnvpXaQwZJNF3ZK+kLPHKarDmJjJ6jyzVNDKH9md1dptjC7lWR//jrGuLdek/U6iltWxqAnYOu8gCiOvA=="
    },
    "alpinejs": {
      "version": "3.9.0",
      "resolved": "https://registry.npmjs.org/alpinejs/-/alpinejs-3.9.0.tgz",
      "integrity": "sha512-Dy8YOCR/BZ6WxKrfml/NCSX/JPBY8wKMqWmlyIbaneE98V9y8ZjSzv+g7VrXCkiDob1t8gf+lVNmH/tX0jfuYg==",
      "requires": {
        "@vue/reactivity": "~3.1.1"
      }
    },
    "focus-trap": {
      "version": "6.7.3",
      "resolved": "https://registry.npmjs.org/focus-trap/-/focus-trap-6.7.3.tgz",
      "integrity": "sha512-8xCEKndV4KrseGhFKKKmczVA14yx1/hnmFICPOjcFjToxCJYj/NHH43tPc3YE/PLnLRNZoFug0EcWkGQde/miQ==",
      "requires": {
        "tabbable": "^5.2.1"
      }
    },
    "tabbable": {
      "version": "5.2.1",
      "resolved": "https://registry.npmjs.org/tabbable/-/tabbable-5.2.1.tgz",
      "integrity": "sha512-40pEZ2mhjaZzK0BnI+QGNjJO8UYx9pP5v7BGe17SORTO0OEuuaAwQTkAp8whcZvqon44wKFOikD+Al11K3JICQ=="
    }
  }
}
